
Microsoft Visual Studio Solution File, Format Version 12.00
# Visual Studio Version 17
VisualStudioVersion = 17.3.32929.385
MinimumVisualStudioVersion = 10.0.40219.1
Project("{9A19103F-16F7-4668-BE54-9A1E7A4F7556}") = "Stage0", "Stage0\Stage0.csproj", "{A98D6243-7F79-4EB4-9974-BE6F1EDC66BD}"
EndProject
Project("{2150E333-8FDC-42A3-9474-1A3956D46DE8}") = "Solution Items", "Solution Items", "{9905DCE1-8D6E-4FCF-94C8-E01395962D98}"
	ProjectSection(SolutionItems) = preProject
		README.md = README.md
	EndProjectSection
EndProject
Project("{9A19103F-16F7-4668-BE54-9A1E7A4F7556}") = "DalFacade", "DalFacade\DalFacade.csproj", "{D01B41DB-E381-46F6-A74C-3EA5376604CA}"
EndProject
Project("{9A19103F-16F7-4668-BE54-9A1E7A4F7556}") = "DalList", "DalList\DalList.csproj", "{7B7DDF9A-4076-4B01-A264-6B34924B89DD}"
	ProjectSection(ProjectDependencies) = postProject
		{D01B41DB-E381-46F6-A74C-3EA5376604CA} = {D01B41DB-E381-46F6-A74C-3EA5376604CA}
	EndProjectSection
EndProject
Project("{9A19103F-16F7-4668-BE54-9A1E7A4F7556}") = "DalTest", "DalTest\DalTest.csproj", "{F475A4FA-9627-469F-88B7-6F0389B242AE}"
EndProject
Project("{9A19103F-16F7-4668-BE54-9A1E7A4F7556}") = "BL", "BL\BL.csproj", "{9F7E6EEE-D4F6-4115-93F4-B8B34A00FD63}"
EndProject
Project("{9A19103F-16F7-4668-BE54-9A1E7A4F7556}") = "BlTest", "BlTest\BlTest.csproj", "{0C71C2BD-5009-4005-9312-604CCC559427}"
EndProject
Project("{9A19103F-16F7-4668-BE54-9A1E7A4F7556}") = "PL", "PL\PL.csproj", "{C94C0DEA-6CD4-466D-A95A-BB0B92E5E83B}"
EndProject
Project("{2150E333-8FDC-42A3-9474-1A3956D46DE8}") = "xml", "xml", "{1E38BE83-47E6-4554-8D49-342F64895936}"
	ProjectSection(SolutionItems) = preProject
		xml\Config.xml = xml\Config.xml
		xml\dal-config.xml = xml\dal-config.xml
	EndProjectSection
EndProject
Project("{9A19103F-16F7-4668-BE54-9A1E7A4F7556}") = "DalXml", "DalXml\DalXml.csproj", "{C624CCE1-486A-4F28-9528-C7E970871AC5}"
EndProject
Project("{9A19103F-16F7-4668-BE54-9A1E7A4F7556}") = "DalXmlInitializer", "DalXmlInitializer\DalXmlInitializer.csproj", "{583EC24C-A681-49DA-84AC-37EBA48A3E0F}"
EndProject
Project("{FAE04EC0-301F-11D3-BF4B-00C04F79EFBC}") = "Simulator", "Simulator\Simulator.csproj", "{6F23D4CA-578D-4D24-A94F-EF7F6974A411}"
EndProject
Global
	GlobalSection(SolutionConfigurationPlatforms) = preSolution
		Debug|Any CPU = Debug|Any CPU
		Release|Any CPU = Release|Any CPU
	EndGlobalSection
	GlobalSection(ProjectConfigurationPlatforms) = postSolution
		{A98D6243-7F79-4EB4-9974-BE6F1EDC66BD}.Debug|Any CPU.ActiveCfg = Debug|Any CPU
		{A98D6243-7F79-4EB4-9974-BE6F1EDC66BD}.Debug|Any CPU.Build.0 = Debug|Any CPU
		{A98D6243-7F79-4EB4-9974-BE6F1EDC66BD}.Release|Any CPU.ActiveCfg = Release|Any CPU
		{A98D6243-7F79-4EB4-9974-BE6F1EDC66BD}.Release|Any CPU.Build.0 = Release|Any CPU
		{D01B41DB-E381-46F6-A74C-3EA5376604CA}.Debug|Any CPU.ActiveCfg = Debug|Any CPU
		{D01B41DB-E381-46F6-A74C-3EA5376604CA}.Debug|Any CPU.Build.0 = Debug|Any CPU
		{D01B41DB-E381-46F6-A74C-3EA5376604CA}.Release|Any CPU.ActiveCfg = Release|Any CPU
		{D01B41DB-E381-46F6-A74C-3EA5376604CA}.Release|Any CPU.Build.0 = Release|Any CPU
		{7B7DDF9A-4076-4B01-A264-6B34924B89DD}.Debug|Any CPU.ActiveCfg = Debug|Any CPU
		{7B7DDF9A-4076-4B01-A264-6B34924B89DD}.Debug|Any CPU.Build.0 = Debug|Any CPU
		{7B7DDF9A-4076-4B01-A264-6B34924B89DD}.Release|Any CPU.ActiveCfg = Release|Any CPU
		{7B7DDF9A-4076-4B01-A264-6B34924B89DD}.Release|Any CPU.Build.0 = Release|Any CPU
		{F475A4FA-9627-469F-88B7-6F0389B242AE}.Debug|Any CPU.ActiveCfg = Debug|Any CPU
		{F475A4FA-9627-469F-88B7-6F0389B242AE}.Debug|Any CPU.Build.0 = Debug|Any CPU
		{F475A4FA-9627-469F-88B7-6F0389B242AE}.Release|Any CPU.ActiveCfg = Release|Any CPU
		{F475A4FA-9627-469F-88B7-6F0389B242AE}.Release|Any CPU.Build.0 = Release|Any CPU
		{9F7E6EEE-D4F6-4115-93F4-B8B34A00FD63}.Debug|Any CPU.ActiveCfg = Debug|Any CPU
		{9F7E6EEE-D4F6-4115-93F4-B8B34A00FD63}.Debug|Any CPU.Build.0 = Debug|Any CPU
		{9F7E6EEE-D4F6-4115-93F4-B8B34A00FD63}.Release|Any CPU.ActiveCfg = Release|Any CPU
		{9F7E6EEE-D4F6-4115-93F4-B8B34A00FD63}.Release|Any CPU.Build.0 = Release|Any CPU
		{0C71C2BD-5009-4005-9312-604CCC559427}.Debug|Any CPU.ActiveCfg = Debug|Any CPU
		{0C71C2BD-5009-4005-9312-604CCC559427}.Debug|Any CPU.Build.0 = Debug|Any CPU
		{0C71C2BD-5009-4005-9312-604CCC559427}.Release|Any CPU.ActiveCfg = Release|Any CPU
		{0C71C2BD-5009-4005-9312-604CCC559427}.Release|Any CPU.Build.0 = Release|Any CPU
		{C94C0DEA-6CD4-466D-A95A-BB0B92E5E83B}.Debug|Any CPU.ActiveCfg = Debug|Any CPU
		{C94C0DEA-6CD4-466D-A95A-BB0B92E5E83B}.Debug|Any CPU.Build.0 = Debug|Any CPU
		{C94C0DEA-6CD4-466D-A95A-BB0B92E5E83B}.Release|Any CPU.ActiveCfg = Release|Any CPU
		{C94C0DEA-6CD4-466D-A95A-BB0B92E5E83B}.Release|Any CPU.Build.0 = Release|Any CPU
		{C624CCE1-486A-4F28-9528-C7E970871AC5}.Debug|Any CPU.ActiveCfg = Debug|Any CPU
		{C624CCE1-486A-4F28-9528-C7E970871AC5}.Debug|Any CPU.Build.0 = Debug|Any CPU
		{C624CCE1-486A-4F28-9528-C7E970871AC5}.Release|Any CPU.ActiveCfg = Release|Any CPU
		{C624CCE1-486A-4F28-9528-C7E970871AC5}.Release|Any CPU.Build.0 = Release|Any CPU
		{583EC24C-A681-49DA-84AC-37EBA48A3E0F}.Debug|Any CPU.ActiveCfg = Debug|Any CPU
		{583EC24C-A681-49DA-84AC-37EBA48A3E0F}.Debug|Any CPU.Build.0 = Debug|Any CPU
		{583EC24C-A681-49DA-84AC-37EBA48A3E0F}.Release|Any CPU.ActiveCfg = Release|Any CPU
		{583EC24C-A681-49DA-84AC-37EBA48A3E0F}.Release|Any CPU.Build.0 = Release|Any CPU
		{6F23D4CA-578D-4D24-A94F-EF7F6974A411}.Debug|Any CPU.ActiveCfg = Debug|Any CPU
		{6F23D4CA-578D-4D24-A94F-EF7F6974A411}.Debug|Any CPU.Build.0 = Debug|Any CPU
		{6F23D4CA-578D-4D24-A94F-EF7F6974A411}.Release|Any CPU.ActiveCfg = Release|Any CPU
		{6F23D4CA-578D-4D24-A94F-EF7F6974A411}.Release|Any CPU.Build.0 = Release|Any CPU
	EndGlobalSection
	GlobalSection(SolutionProperties) = preSolution
		HideSolutionNode = FALSE
	EndGlobalSection
	GlobalSection(ExtensibilityGlobals) = postSolution
		SolutionGuid = {48C13A9F-8650-43C2-809F-443663C05792}
	EndGlobalSection
EndGlobal
